{
  "name": "nsis-docset-builder",
  "version": "0.5.1",
  "lockfileVersion": 1,
  "requires": true,
  "dependencies": {
    "highlight.js": {
      "version": "github:isagalaev/highlight.js#cf4b46e5b7acfe2626a07914e1d0d4ef269aed4a",
      "dev": true
    },
    "nsis-docs": {
      "version": "github:NSIS-Dev/Documentation#1a3c9bdc7646c3c88629299256730d8adfcb569c",
      "dev": true
    },
    "nsis-logo-v3": {
      "version": "github:idleberg/nsis-logo-v3#463f0067fc48b4902d8ed77a2b8fc5c3e02dd45a",
      "dev": true
    }
  }
}
